// !$*UTF8*$!
{
	archiveVersion = 1;
	classes = {
	};
	objectVersion = 77;
	objects = {

/* Begin PBXBuildFile section */
		772FBCF62FF3A3F200336CF6 /* Alamofire in Frameworks */ = {isa = PBXBuildFile; productRef = 772FBCF72FF3A3F200336CF6 /* Alamofire */; };
		772FBCF82FF3A40100336CF6 /* GoogleSignIn in Frameworks */ = {isa = PBXBuildFile; productRef = 772FBCF92FF3A40100336CF6 /* GoogleSignIn */; };
		778F3DF12FDA7D0D00AFF730 /* .swiftlint.yml in Resources */ = {isa = PBXBuildFile; fileRef = 778F3DF02FDA7D0D00AFF730 /* .swiftlint.yml */; };
		778F3DF32FDAA3000AFF730 /* ComposableArchitecture in Frameworks */ = {isa = PBXBuildFile; productRef = 778F3DF42FDAA3000AFF730 /* ComposableArchitecture */; };
		951921A53049CCB300666ACA /* FirebaseMessaging in Frameworks */ = {isa = PBXBuildFile; productRef = 951921A43049CCB300666ACA /* FirebaseMessaging */; };
		9570E47F2FE45C37002FA6DE /* NMapsMap in Frameworks */ = {isa = PBXBuildFile; productRef = 9570E47E2FE45C37002FA6DE /* NMapsMap */; };
		D4A1B2C32FF4A10000AA0001 /* Kingfisher in Frameworks */ = {isa = PBXBuildFile; productRef = D4A1B2C32FF4A10000AA0003 /* Kingfisher */; };
		E6B4C0013011000000000001 /* SwiftStomp in Frameworks */ = {isa = PBXBuildFile; productRef = E6B4C0013011000000000003 /* SwiftStomp */; };
/* End PBXBuildFile section */

/* Begin PBXContainerItemProxy section */
		9570C2A82FD9DA9E002FA6DE /* PBXContainerItemProxy */ = {
			isa = PBXContainerItemProxy;
			containerPortal = 9570C2922FD9DA9D002FA6DE /* Project object */;
			proxyType = 1;
			remoteGlobalIDString = 9570C2992FD9DA9D002FA6DE;
			remoteInfo = Kohere;
		};
		9570C2B22FD9DA9E002FA6DE /* PBXContainerItemProxy */ = {
			isa = PBXContainerItemProxy;
			containerPortal = 9570C2922FD9DA9D002FA6DE /* Project object */;
			proxyType = 1;
			remoteGlobalIDString = 9570C2992FD9DA9D002FA6DE;
			remoteInfo = Kohere;
		};
/* End PBXContainerItemProxy section */

/* Begin PBXFileReference section */
		778F3DF02FDA7D0D00AFF730 /* .swiftlint.yml */ = {isa = PBXFileReference; lastKnownFileType = text.yaml; path = .swiftlint.yml; sourceTree = "<group>"; };
		9570C29A2FD9DA9D002FA6DE /* Kohere.app */ = {isa = PBXFileReference; explicitFileType = wrapper.application; includeInIndex = 0; path = Kohere.app; sourceTree = BUILT_PRODUCTS_DIR; };
		9570C2A72FD9DA9E002FA6DE /* KohereTests.xctest */ = {isa = PBXFileReference; explicitFileType = wrapper.cfbundle; includeInIndex = 0; path = KohereTests.xctest; sourceTree = BUILT_PRODUCTS_DIR; };
		9570C2B12FD9DA9E002FA6DE /* KohereUITests.xctest */ = {isa = PBXFileReference; explicitFileType = wrapper.cfbundle; includeInIndex = 0; path = KohereUITests.xctest; sourceTree = BUILT_PRODUCTS_DIR; };
		9570E4812FE58572002FA6DE /* Config/Base.xcconfig */ = {isa = PBXFileReference; lastKnownFileType = text.xcconfig; path = Config/Base.xcconfig; sourceTree = "<group>"; };
		9570E4822FE58572002FA6DE /* Config/Secrets.xcconfig.example */ = {isa = PBXFileReference; lastKnownFileType = text.xcconfig; path = Config/Secrets.xcconfig.example; sourceTree = "<group>"; };
/* End PBXFileReference section */

/* Begin PBXFileSystemSynchronizedBuildFileExceptionSet section */
		778F3DF22FDA9A000AFF730 /* Exceptions for "Kohere" folder in "Kohere" target */ = {
			isa = PBXFileSystemSynchronizedBuildFileExceptionSet;
			membershipExceptions = (
				Resource/Info.plist,
			);
			target = 9570C2992FD9DA9D002FA6DE /* Kohere */;
		};
/* End PBXFileSystemSynchronizedBuildFileExceptionSet section */

/* Begin PBXFileSystemSynchronizedRootGroup section */
		9570C29C2FD9DA9D002FA6DE /* Kohere */ = {
			isa = PBXFileSystemSynchronizedRootGroup;
			exceptions = (
				778F3DF22FDA9A000AFF730 /* Exceptions for "Kohere" folder in "Kohere" target */,
			);
			path = Kohere;
			sourceTree = "<group>";
		};
		9570C2AA2FD9DA9E002FA6DE /* KohereTests */ = {
			isa = PBXFileSystemSynchronizedRootGroup;
			path = KohereTests;
			sourceTree = "<group>";
		};
		9570C2B42FD9DA9E002FA6DE /* KohereUITests */ = {
			isa = PBXFileSystemSynchronizedRootGroup;
			path = KohereUITests;
			sourceTree = "<group>";
		};
/* End PBXFileSystemSynchronizedRootGroup section */

/* Begin PBXFrameworksBuildPhase section */
		9570C2972FD9DA9D002FA6DE /* Frameworks */ = {
			isa = PBXFrameworksBuildPhase;
			buildActionMask = 2147483647;
			files = (
				778F3DF32FDAA3000AFF730 /* ComposableArchitecture in Frameworks */,
				772FBCF62FF3A3F200336CF6 /* Alamofire in Frameworks */,
				951921A53049CCB300666ACA /* FirebaseMessaging in Frameworks */,
				772FBCF82FF3A40100336CF6 /* GoogleSignIn in Frameworks */,
				9570E47F2FE45C37002FA6DE /* NMapsMap in Frameworks */,
				D4A1B2C32FF4A10000AA0001 /* Kingfisher in Frameworks */,
				E6B4C0013011000000000001 /* SwiftStomp in Frameworks */,
			);
			runOnlyForDeploymentPostprocessing = 0;
		};
		9570C2A42FD9DA9E002FA6DE /* Frameworks */ = {
			isa = PBXFrameworksBuildPhase;
			buildActionMask = 2147483647;
			files = (
			);
			runOnlyForDeploymentPostprocessing = 0;
		};
		9570C2AE2FD9DA9E002FA6DE /* Frameworks */ = {
			isa = PBXFrameworksBuildPhase;
			buildActionMask = 2147483647;
			files = (
			);
			runOnlyForDeploymentPostprocessing = 0;
		};
/* End PBXFrameworksBuildPhase section */

/* Begin PBXGroup section */
		9570C2912FD9DA9D002FA6DE = {
			isa = PBXGroup;
			children = (
				778F3DF02FDA7D0D00AFF730 /* .swiftlint.yml */,
				9570E4802FE58572002FA6DE /* Config */,
				9570C29C2FD9DA9D002FA6DE /* Kohere */,
				9570C2AA2FD9DA9E002FA6DE /* KohereTests */,
				9570C2B42FD9DA9E002FA6DE /* KohereUITests */,
				9570C29B2FD9DA9D002FA6DE /* Products */,
			);
			sourceTree = "<group>";
		};
		9570C29B2FD9DA9D002FA6DE /* Products */ = {
			isa = PBXGroup;
			children = (
				9570C29A2FD9DA9D002FA6DE /* Kohere.app */,
				9570C2A72FD9DA9E002FA6DE /* KohereTests.xctest */,
				9570C2B12FD9DA9E002FA6DE /* KohereUITests.xctest */,
			);
			name = Products;
			sourceTree = "<group>";
		};
		9570E4802FE58572002FA6DE /* Config */ = {
			isa = PBXGroup;
			children = (
				9570E4812FE58572002FA6DE /* Config/Base.xcconfig */,
				9570E4822FE58572002FA6DE /* Config/Secrets.xcconfig.example */,
			);
			name = Config;
			sourceTree = "<group>";
		};
/* End PBXGroup section */

/* Begin PBXNativeTarget section */
		9570C2992FD9DA9D002FA6DE /* Kohere */ = {
			isa = PBXNativeTarget;
			buildConfigurationList = 9570C2BB2FD9DA9E002FA6DE /* Build configuration list for PBXNativeTarget "Kohere" */;
			buildPhases = (
				9570C2962FD9DA9D002FA6DE /* Sources */,
				9570C2972FD9DA9D002FA6DE /* Frameworks */,
				9570C2982FD9DA9D002FA6DE /* Resources */,
				778F3D012FDA7B6900AFF730 /* ShellScript */,
			);
			buildRules = (
			);
			dependencies = (
			);
			fileSystemSynchronizedGroups = (
				9570C29C2FD9DA9D002FA6DE /* Kohere */,
			);
			name = Kohere;
			packageProductDependencies = (
				778F3DF42FDAA3000AFF730 /* ComposableArchitecture */,
				772FBCF72FF3A3F200336CF6 /* Alamofire */,
				772FBCF92FF3A40100336CF6 /* GoogleSignIn */,
				9570E47E2FE45C37002FA6DE /* NMapsMap */,
				D4A1B2C32FF4A10000AA0003 /* Kingfisher */,
				E6B4C0013011000000000003 /* SwiftStomp */,
				951921A43049CCB300666ACA /* FirebaseMessaging */,
			);
			productName = Kohere;
			productReference = 9570C29A2FD9DA9D002FA6DE /* Kohere.app */;
			productType = "com.apple.product-type.application";
		};
		9570C2A62FD9DA9E002FA6DE /* KohereTests */ = {
			isa = PBXNativeTarget;
			buildConfigurationList = 9570C2BE2FD9DA9E002FA6DE /* Build configuration list for PBXNativeTarget "KohereTests" */;
			buildPhases = (
				9570C2A32FD9DA9E002FA6DE /* Sources */,
				9570C2A42FD9DA9E002FA6DE /* Frameworks */,
				9570C2A52FD9DA9E002FA6DE /* Resources */,
			);
			buildRules = (
			);
			dependencies = (
				9570C2A92FD9DA9E002FA6DE /* PBXTargetDependency */,
			);
			fileSystemSynchronizedGroups = (
				9570C2AA2FD9DA9E002FA6DE /* KohereTests */,
			);
			name = KohereTests;
			packageProductDependencies = (
			);
			productName = KohereTests;
			productReference = 9570C2A72FD9DA9E002FA6DE /* KohereTests.xctest */;
			productType = "com.apple.product-type.bundle.unit-test";
		};
		9570C2B02FD9DA9E002FA6DE /* KohereUITests */ = {
			isa = PBXNativeTarget;
			buildConfigurationList = 9570C2C12FD9DA9E002FA6DE /* Build configuration list for PBXNativeTarget "KohereUITests" */;
			buildPhases = (
				9570C2AD2FD9DA9E002FA6DE /* Sources */,
				9570C2AE2FD9DA9E002FA6DE /* Frameworks */,
				9570C2AF2FD9DA9E002FA6DE /* Resources */,
			);
			buildRules = (
			);
			dependencies = (
				9570C2B32FD9DA9E002FA6DE /* PBXTargetDependency */,
			);
			fileSystemSynchronizedGroups = (
				9570C2B42FD9DA9E002FA6DE /* KohereUITests */,
			);
			name = KohereUITests;
			packageProductDependencies = (
			);
			productName = KohereUITests;
			productReference = 9570C2B12FD9DA9E002FA6DE /* KohereUITests.xctest */;
			productType = "com.apple.product-type.bundle.ui-testing";
		};
/* End PBXNativeTarget section */

/* Begin PBXProject section */
		9570C2922FD9DA9D002FA6DE /* Project object */ = {
			isa = PBXProject;
			attributes = {
				BuildIndependentTargetsInParallel = 1;
				LastSwiftUpdateCheck = 2620;
				LastUpgradeCheck = 2620;
				TargetAttributes = {
					9570C2992FD9DA9D002FA6DE = {
						CreatedOnToolsVersion = 26.2;
						SystemCapabilities = {
							com.apple.SignInWithApple = {
								enabled = 1;
							};
						};
					};
					9570C2A62FD9DA9E002FA6DE = {
						CreatedOnToolsVersion = 26.2;
						TestTargetID = 9570C2992FD9DA9D002FA6DE;
					};
					9570C2B02FD9DA9E002FA6DE = {
						CreatedOnToolsVersion = 26.2;
						TestTargetID = 9570C2992FD9DA9D002FA6DE;
					};
				};
			};
			buildConfigurationList = 9570C2952FD9DA9D002FA6DE /* Build configuration list for PBXProject "Kohere" */;
			developmentRegion = en;
			hasScannedForEncodings = 0;
			knownRegions = (
				en,
				ko,
				Base,
			);
			mainGroup = 9570C2912FD9DA9D002FA6DE;
			minimizedProjectReferenceProxies = 1;
			packageReferences = (
				778F3DF52FDAA3000AFF730 /* XCRemoteSwiftPackageReference "swift-composable-architecture" */,
				9570E47D2FE45C37002FA6DE /* XCRemoteSwiftPackageReference "SPM-NMapsMap" */,
				772FBCF42FF38F2F00336CF6 /* XCRemoteSwiftPackageReference "GoogleSignIn-iOS" */,
				772FBCF52FF3981E00336CF6 /* XCRemoteSwiftPackageReference "Alamofire" */,
				D4A1B2C32FF4A10000AA0002 /* XCRemoteSwiftPackageReference "Kingfisher" */,
				E6B4C0013011000000000002 /* XCRemoteSwiftPackageReference "SwiftStomp" */,
				951921A33049CCB300666ACA /* XCRemoteSwiftPackageReference "firebase-ios-sdk" */,
			);
			preferredProjectObjectVersion = 77;
			productRefGroup = 9570C29B2FD9DA9D002FA6DE /* Products */;
			projectDirPath = "";
			projectRoot = "";
			targets = (
				9570C2992FD9DA9D002FA6DE /* Kohere */,
				9570C2A62FD9DA9E002FA6DE /* KohereTests */,
				9570C2B02FD9DA9E002FA6DE /* KohereUITests */,
			);
		};
/* End PBXProject section */

/* Begin PBXResourcesBuildPhase section */
		9570C2982FD9DA9D002FA6DE /* Resources */ = {
			isa = PBXResourcesBuildPhase;
			buildActionMask = 2147483647;
			files = (
				778F3DF12FDA7D0D00AFF730 /* .swiftlint.yml in Resources */,
			);
			runOnlyForDeploymentPostprocessing = 0;
		};
		9570C2A52FD9DA9E002FA6DE /* Resources */ = {
			isa = PBXResourcesBuildPhase;
			buildActionMask = 2147483647;
			files = (
			);
			runOnlyForDeploymentPostprocessing = 0;
		};
		9570C2AF2FD9DA9E002FA6DE /* Resources */ = {
			isa = PBXResourcesBuildPhase;
			buildActionMask = 2147483647;
			files = (
			);
			runOnlyForDeploymentPostprocessing = 0;
		};
/* End PBXResourcesBuildPhase section */

/* Begin PBXShellScriptBuildPhase section */
		778F3D012FDA7B6900AFF730 /* ShellScript */ = {
			isa = PBXShellScriptBuildPhase;
			alwaysOutOfDate = 1;
			buildActionMask = 2147483647;
			files = (
			);
			inputFileListPaths = (
			);
			inputPaths = (
			);
			outputFileListPaths = (
			);
			outputPaths = (
			);
			runOnlyForDeploymentPostprocessing = 0;
			shellPath = /bin/sh;
			shellScript = "# Type a script or drag a script file from your workspace to insert its path.\nif [[ \"$(uname -m)\" == arm64 ]]; then\n    export PATH=\"/opt/homebrew/bin:$PATH\"\nfi\n \nif which swiftlint > /dev/null; then\n  swiftlint\nelse\n  echo \"warning: SwiftLint not installed, download from https://github.com/realm/SwiftLint\"\nfi\n";
		};
/* End PBXShellScriptBuildPhase section */

/* Begin PBXSourcesBuildPhase section */
		9570C2962FD9DA9D002FA6DE /* Sources */ = {
			isa = PBXSourcesBuildPhase;
			buildActionMask = 2147483647;
			files = (
			);
			runOnlyForDeploymentPostprocessing = 0;
		};
		9570C2A32FD9DA9E002FA6DE /* Sources */ = {
			isa = PBXSourcesBuildPhase;
			buildActionMask = 2147483647;
			files = (
			);
			runOnlyForDeploymentPostprocessing = 0;
		};
		9570C2AD2FD9DA9E002FA6DE /* Sources */ = {
			isa = PBXSourcesBuildPhase;
			buildActionMask = 2147483647;
			files = (
			);
			runOnlyForDeploymentPostprocessing = 0;
		};
/* End PBXSourcesBuildPhase section */

/* Begin PBXTargetDependency section */
		9570C2A92FD9DA9E002FA6DE /* PBXTargetDependency */ = {
			isa = PBXTargetDependency;
			target = 9570C2992FD9DA9D002FA6DE /* Kohere */;
			targetProxy = 9570C2A82FD9DA9E002FA6DE /* PBXContainerItemProxy */;
		};
		9570C2B32FD9DA9E002FA6DE /* PBXTargetDependency */ = {
			isa = PBXTargetDependency;
			target = 9570C2992FD9DA9D002FA6DE /* Kohere */;
			targetProxy = 9570C2B22FD9DA9E002FA6DE /* PBXContainerItemProxy */;
		};
/* End PBXTargetDependency section */

/* Begin XCBuildConfiguration section */
		9570C2B92FD9DA9E002FA6DE /* Debug */ = {
			isa = XCBuildConfiguration;
			buildSettings = {
				ALWAYS_SEARCH_USER_PATHS = NO;
				ASSETCATALOG_COMPILER_GENERATE_SWIFT_ASSET_SYMBOL_EXTENSIONS = YES;
				CLANG_ANALYZER_NONNULL = YES;
				CLANG_ANALYZER_NUMBER_OBJECT_CONVERSION = YES_AGGRESSIVE;
				CLANG_CXX_LANGUAGE_STANDARD = "gnu++20";
				CLANG_ENABLE_MODULES = YES;
				CLANG_ENABLE_OBJC_ARC = YES;
				CLANG_ENABLE_OBJC_WEAK = YES;
				CLANG_WARN_BLOCK_CAPTURE_AUTORELEASING = YES;
				CLANG_WARN_BOOL_CONVERSION = YES;
				CLANG_WARN_COMMA = YES;
				CLANG_WARN_CONSTANT_CONVERSION = YES;
				CLANG_WARN_DEPRECATED_OBJC_IMPLEMENTATIONS = YES;
				CLANG_WARN_DIRECT_OBJC_ISA_USAGE = YES_ERROR;
				CLANG_WARN_DOCUMENTATION_COMMENTS = YES;
				CLANG_WARN_EMPTY_BODY = YES;
				CLANG_WARN_ENUM_CONVERSION = YES;
				CLANG_WARN_INFINITE_RECURSION = YES;
				CLANG_WARN_INT_CONVERSION = YES;
				CLANG_WARN_NON_LITERAL_NULL_CONVERSION = YES;
				CLANG_WARN_OBJC_IMPLICIT_RETAIN_SELF = YES;
				CLANG_WARN_OBJC_LITERAL_CONVERSION = YES;
				CLANG_WARN_OBJC_ROOT_CLASS = YES_ERROR;
				CLANG_WARN_QUOTED_INCLUDE_IN_FRAMEWORK_HEADER = YES;
				CLANG_WARN_RANGE_LOOP_ANALYSIS = YES;
				CLANG_WARN_STRICT_PROTOTYPES = YES;
				CLANG_WARN_SUSPICIOUS_MOVE = YES;
				CLANG_WARN_UNGUARDED_AVAILABILITY = YES_AGGRESSIVE;
				CLANG_WARN_UNREACHABLE_CODE = YES;
				CLANG_WARN__DUPLICATE_METHOD_MATCH = YES;
				COPY_PHASE_STRIP = NO;
				DEBUG_INFORMATION_FORMAT = dwarf;
				ENABLE_STRICT_OBJC_MSGSEND = YES;
				ENABLE_TESTABILITY = YES;
				ENABLE_USER_SCRIPT_SANDBOXING = NO;
				GCC_C_LANGUAGE_STANDARD = gnu17;
				GCC_DYNAMIC_NO_PIC = NO;
				GCC_NO_COMMON_BLOCKS = YES;
				GCC_OPTIMIZATION_LEVEL = 0;
				GCC_PREPROCESSOR_DEFINITIONS = (
					"DEBUG=1",
					"$(inherited)",
				);
				GCC_WARN_64_TO_32_BIT_CONVERSION = YES;
				GCC_WARN_ABOUT_RETURN_TYPE = YES_ERROR;
				GCC_WARN_UNDECLARED_SELECTOR = YES;
				GCC_WARN_UNINITIALIZED_AUTOS = YES_AGGRESSIVE;
				GCC_WARN_UNUSED_FUNCTION = YES;
				GCC_WARN_UNUSED_VARIABLE = YES;
				IPHONEOS_DEPLOYMENT_TARGET = 26.2;
				LOCALIZATION_PREFERS_STRING_CATALOGS = YES;
				MTL_ENABLE_DEBUG_INFO = INCLUDE_SOURCE;
				MTL_FAST_MATH = YES;
				ONLY_ACTIVE_ARCH = YES;
				SDKROOT = iphoneos;
				SWIFT_ACTIVE_COMPILATION_CONDITIONS = "DEBUG $(inherited)";
				SWIFT_OPTIMIZATION_LEVEL = "-Onone";
			};
			name = Debug;
		};
		9570C2BA2FD9DA9E002FA6DE /* Release */ = {
			isa = XCBuildConfiguration;
			buildSettings = {
				ALWAYS_SEARCH_USER_PATHS = NO;
				ASSETCATALOG_COMPILER_GENERATE_SWIFT_ASSET_SYMBOL_EXTENSIONS = YES;
				CLANG_ANALYZER_NONNULL = YES;
				CLANG_ANALYZER_NUMBER_OBJECT_CONVERSION = YES_AGGRESSIVE;
				CLANG_CXX_LANGUAGE_STANDARD = "gnu++20";
				CLANG_ENABLE_MODULES = YES;
				CLANG_ENABLE_OBJC_ARC = YES;
				CLANG_ENABLE_OBJC_WEAK = YES;
				CLANG_WARN_BLOCK_CAPTURE_AUTORELEASING = YES;
				CLANG_WARN_BOOL_CONVERSION = YES;
				CLANG_WARN_COMMA = YES;
				CLANG_WARN_CONSTANT_CONVERSION = YES;
				CLANG_WARN_DEPRECATED_OBJC_IMPLEMENTATIONS = YES;
				CLANG_WARN_DIRECT_OBJC_ISA_USAGE = YES_ERROR;
				CLANG_WARN_DOCUMENTATION_COMMENTS = YES;
				CLANG_WARN_EMPTY_BODY = YES;
				CLANG_WARN_ENUM_CONVERSION = YES;
				CLANG_WARN_INFINITE_RECURSION = YES;
				CLANG_WARN_INT_CONVERSION = YES;
				CLANG_WARN_NON_LITERAL_NULL_CONVERSION = YES;
				CLANG_WARN_OBJC_IMPLICIT_RETAIN_SELF = YES;
				CLANG_WARN_OBJC_LITERAL_CONVERSION = YES;
				CLANG_WARN_OBJC_ROOT_CLASS = YES_ERROR;
				CLANG_WARN_QUOTED_INCLUDE_IN_FRAMEWORK_HEADER = YES;
				CLANG_WARN_RANGE_LOOP_ANALYSIS = YES;
				CLANG_WARN_STRICT_PROTOTYPES = YES;
				CLANG_WARN_SUSPICIOUS_MOVE = YES;
				CLANG_WARN_UNGUARDED_AVAILABILITY = YES_AGGRESSIVE;
				CLANG_WARN_UNREACHABLE_CODE = YES;
				CLANG_WARN__DUPLICATE_METHOD_MATCH = YES;
				COPY_PHASE_STRIP = NO;
				DEBUG_INFORMATION_FORMAT = "dwarf-with-dsym";
				ENABLE_NS_ASSERTIONS = NO;
				ENABLE_STRICT_OBJC_MSGSEND = YES;
				ENABLE_USER_SCRIPT_SANDBOXING = NO;
				GCC_C_LANGUAGE_STANDARD = gnu17;
				GCC_NO_COMMON_BLOCKS = YES;
				GCC_WARN_64_TO_32_BIT_CONVERSION = YES;
				GCC_WARN_ABOUT_RETURN_TYPE = YES_ERROR;
				GCC_WARN_UNDECLARED_SELECTOR = YES;
				GCC_WARN_UNINITIALIZED_AUTOS = YES_AGGRESSIVE;
				GCC_WARN_UNUSED_FUNCTION = YES;
				GCC_WARN_UNUSED_VARIABLE = YES;
				IPHONEOS_DEPLOYMENT_TARGET = 26.2;
				LOCALIZATION_PREFERS_STRING_CATALOGS = YES;
				MTL_ENABLE_DEBUG_INFO = NO;
				MTL_FAST_MATH = YES;
				SDKROOT = iphoneos;
				SWIFT_COMPILATION_MODE = wholemodule;
				VALIDATE_PRODUCT = YES;
			};
			name = Release;
		};
		9570C2BC2FD9DA9E002FA6DE /* Debug */ = {
			isa = XCBuildConfiguration;
			baseConfigurationReference = 9570E4812FE58572002FA6DE /* Config/Base.xcconfig */;
			buildSettings = {
				ASSETCATALOG_COMPILER_APPICON_NAME = AppIcon;
				ASSETCATALOG_COMPILER_GLOBAL_ACCENT_COLOR_NAME = AccentColor;
				CODE_SIGN_ENTITLEMENTS = Kohere/Kohere.entitlements;
				CODE_SIGN_STYLE = Automatic;
				CURRENT_PROJECT_VERSION = 1;
				DEVELOPMENT_TEAM = 3PVV8DQPL6;
				ENABLE_PREVIEWS = YES;
				INFOPLIST_FILE = Kohere/Resource/Info.plist;
				INFOPLIST_KEY_CFBundleDisplayName = Kohere;
				INFOPLIST_KEY_UIApplicationSceneManifest_Generation = YES;
				INFOPLIST_KEY_UIApplicationSupportsIndirectInputEvents = YES;
				INFOPLIST_KEY_UILaunchScreen_Generation = YES;
				INFOPLIST_KEY_UISupportedInterfaceOrientations = UIInterfaceOrientationPortrait;
				IPHONEOS_DEPLOYMENT_TARGET = 17.0;
				LD_RUNPATH_SEARCH_PATHS = (
					"$(inherited)",
					"@executable_path/Frameworks",
				);
				MARKETING_VERSION = 1.0.1;
				PRODUCT_BUNDLE_IDENTIFIER = com.kohere.Kohere;
				PRODUCT_NAME = "$(TARGET_NAME)";
				STRING_CATALOG_GENERATE_SYMBOLS = YES;
				SUPPORTED_PLATFORMS = "iphoneos iphonesimulator";
				SUPPORTS_MACCATALYST = NO;
				SUPPORTS_MAC_DESIGNED_FOR_IPHONE_IPAD = NO;
				SUPPORTS_XR_DESIGNED_FOR_IPHONE_IPAD = NO;
				SWIFT_APPROACHABLE_CONCURRENCY = YES;
				SWIFT_DEFAULT_ACTOR_ISOLATION = MainActor;
				SWIFT_EMIT_LOC_STRINGS = YES;
				SWIFT_UPCOMING_FEATURE_MEMBER_IMPORT_VISIBILITY = YES;
				SWIFT_VERSION = 5.0;
				TARGETED_DEVICE_FAMILY = 1;
			};
			name = Debug;
		};
		9570C2BD2FD9DA9E002FA6DE /* Release */ = {
			isa = XCBuildConfiguration;
			baseConfigurationReference = 9570E4812FE58572002FA6DE /* Config/Base.xcconfig */;
			buildSettings = {
				ASSETCATALOG_COMPILER_APPICON_NAME = AppIcon;
				ASSETCATALOG_COMPILER_GLOBAL_ACCENT_COLOR_NAME = AccentColor;
				CODE_SIGN_ENTITLEMENTS = Kohere/Kohere.entitlements;
				CODE_SIGN_STYLE = Automatic;
				CURRENT_PROJECT_VERSION = 1;
				DEVELOPMENT_TEAM = 3PVV8DQPL6;
				ENABLE_PREVIEWS = YES;
				INFOPLIST_FILE = Kohere/Resource/Info.plist;
				INFOPLIST_KEY_CFBundleDisplayName = Kohere;
				INFOPLIST_KEY_UIApplicationSceneManifest_Generation = YES;
				INFOPLIST_KEY_UIApplicationSupportsIndirectInputEvents = YES;
				INFOPLIST_KEY_UILaunchScreen_Generation = YES;
				INFOPLIST_KEY_UISupportedInterfaceOrientations = UIInterfaceOrientationPortrait;
				IPHONEOS_DEPLOYMENT_TARGET = 17.0;
				LD_RUNPATH_SEARCH_PATHS = (
					"$(inherited)",
					"@executable_path/Frameworks",
				);
				MARKETING_VERSION = 1.0.1;
				PRODUCT_BUNDLE_IDENTIFIER = com.kohere.Kohere;
				PRODUCT_NAME = "$(TARGET_NAME)";
				STRING_CATALOG_GENERATE_SYMBOLS = YES;
				SUPPORTED_PLATFORMS = "iphoneos iphonesimulator";
				SUPPORTS_MACCATALYST = NO;
				SUPPORTS_MAC_DESIGNED_FOR_IPHONE_IPAD = NO;
				SUPPORTS_XR_DESIGNED_FOR_IPHONE_IPAD = NO;
				SWIFT_APPROACHABLE_CONCURRENCY = YES;
				SWIFT_DEFAULT_ACTOR_ISOLATION = MainActor;
				SWIFT_EMIT_LOC_STRINGS = YES;
				SWIFT_UPCOMING_FEATURE_MEMBER_IMPORT_VISIBILITY = YES;
				SWIFT_VERSION = 5.0;
				TARGETED_DEVICE_FAMILY = 1;
			};
			name = Release;
		};
		9570C2BF2FD9DA9E002FA6DE /* Debug */ = {
			isa = XCBuildConfiguration;
			buildSettings = {
				BUNDLE_LOADER = "$(TEST_HOST)";
				CODE_SIGN_STYLE = Automatic;
				CURRENT_PROJECT_VERSION = 1;
				GENERATE_INFOPLIST_FILE = YES;
				IPHONEOS_DEPLOYMENT_TARGET = 26.2;
				MARKETING_VERSION = 1.0;
				PRODUCT_BUNDLE_IDENTIFIER = com.kohere.KohereTests;
				PRODUCT_NAME = "$(TARGET_NAME)";
				STRING_CATALOG_GENERATE_SYMBOLS = NO;
				SWIFT_APPROACHABLE_CONCURRENCY = YES;
				SWIFT_EMIT_LOC_STRINGS = NO;
				SWIFT_UPCOMING_FEATURE_MEMBER_IMPORT_VISIBILITY = YES;
				SWIFT_VERSION = 5.0;
				TARGETED_DEVICE_FAMILY = "1,2";
				TEST_HOST = "$(BUILT_PRODUCTS_DIR)/Kohere.app/$(BUNDLE_EXECUTABLE_FOLDER_PATH)/Kohere";
			};
			name = Debug;
		};
		9570C2C02FD9DA9E002FA6DE /* Release */ = {
			isa = XCBuildConfiguration;
			buildSettings = {
				BUNDLE_LOADER = "$(TEST_HOST)";
				CODE_SIGN_STYLE = Automatic;
				CURRENT_PROJECT_VERSION = 1;
				GENERATE_INFOPLIST_FILE = YES;
				IPHONEOS_DEPLOYMENT_TARGET = 26.2;
				MARKETING_VERSION = 1.0;
				PRODUCT_BUNDLE_IDENTIFIER = com.kohere.KohereTests;
				PRODUCT_NAME = "$(TARGET_NAME)";
				STRING_CATALOG_GENERATE_SYMBOLS = NO;
				SWIFT_APPROACHABLE_CONCURRENCY = YES;
				SWIFT_EMIT_LOC_STRINGS = NO;
				SWIFT_UPCOMING_FEATURE_MEMBER_IMPORT_VISIBILITY = YES;
				SWIFT_VERSION = 5.0;
				TARGETED_DEVICE_FAMILY = "1,2";
				TEST_HOST = "$(BUILT_PRODUCTS_DIR)/Kohere.app/$(BUNDLE_EXECUTABLE_FOLDER_PATH)/Kohere";
			};
			name = Release;
		};
		9570C2C22FD9DA9E002FA6DE /* Debug */ = {
			isa = XCBuildConfiguration;
			buildSettings = {
				CODE_SIGN_STYLE = Automatic;
				CURRENT_PROJECT_VERSION = 1;
				GENERATE_INFOPLIST_FILE = YES;
				MARKETING_VERSION = 1.0;
				PRODUCT_BUNDLE_IDENTIFIER = com.kohere.KohereUITests;
				PRODUCT_NAME = "$(TARGET_NAME)";
				STRING_CATALOG_GENERATE_SYMBOLS = NO;
				SWIFT_APPROACHABLE_CONCURRENCY = YES;
				SWIFT_EMIT_LOC_STRINGS = NO;
				SWIFT_UPCOMING_FEATURE_MEMBER_IMPORT_VISIBILITY = YES;
				SWIFT_VERSION = 5.0;
				TARGETED_DEVICE_FAMILY = "1,2";
				TEST_TARGET_NAME = Kohere;
			};
			name = Debug;
		};
		9570C2C32FD9DA9E002FA6DE /* Release */ = {
			isa = XCBuildConfiguration;
			buildSettings = {
				CODE_SIGN_STYLE = Automatic;
				CURRENT_PROJECT_VERSION = 1;
				GENERATE_INFOPLIST_FILE = YES;
				MARKETING_VERSION = 1.0;
				PRODUCT_BUNDLE_IDENTIFIER = com.kohere.KohereUITests;
				PRODUCT_NAME = "$(TARGET_NAME)";
				STRING_CATALOG_GENERATE_SYMBOLS = NO;
				SWIFT_APPROACHABLE_CONCURRENCY = YES;
				SWIFT_EMIT_LOC_STRINGS = NO;
				SWIFT_UPCOMING_FEATURE_MEMBER_IMPORT_VISIBILITY = YES;
				SWIFT_VERSION = 5.0;
				TARGETED_DEVICE_FAMILY = "1,2";
				TEST_TARGET_NAME = Kohere;
			};
			name = Release;
		};
/* End XCBuildConfiguration section */

/* Begin XCConfigurationList section */
		9570C2952FD9DA9D002FA6DE /* Build configuration list for PBXProject "Kohere" */ = {
			isa = XCConfigurationList;
			buildConfigurations = (
				9570C2B92FD9DA9E002FA6DE /* Debug */,
				9570C2BA2FD9DA9E002FA6DE /* Release */,
			);
			defaultConfigurationIsVisible = 0;
			defaultConfigurationName = Release;
		};
		9570C2BB2FD9DA9E002FA6DE /* Build configuration list for PBXNativeTarget "Kohere" */ = {
			isa = XCConfigurationList;
			buildConfigurations = (
				9570C2BC2FD9DA9E002FA6DE /* Debug */,
				9570C2BD2FD9DA9E002FA6DE /* Release */,
			);
			defaultConfigurationIsVisible = 0;
			defaultConfigurationName = Release;
		};
		9570C2BE2FD9DA9E002FA6DE /* Build configuration list for PBXNativeTarget "KohereTests" */ = {
			isa = XCConfigurationList;
			buildConfigurations = (
				9570C2BF2FD9DA9E002FA6DE /* Debug */,
				9570C2C02FD9DA9E002FA6DE /* Release */,
			);
			defaultConfigurationIsVisible = 0;
			defaultConfigurationName = Release;
		};
		9570C2C12FD9DA9E002FA6DE /* Build configuration list for PBXNativeTarget "KohereUITests" */ = {
			isa = XCConfigurationList;
			buildConfigurations = (
				9570C2C22FD9DA9E002FA6DE /* Debug */,
				9570C2C32FD9DA9E002FA6DE /* Release */,
			);
			defaultConfigurationIsVisible = 0;
			defaultConfigurationName = Release;
		};
/* End XCConfigurationList section */

/* Begin XCRemoteSwiftPackageReference section */
		772FBCF42FF38F2F00336CF6 /* XCRemoteSwiftPackageReference "GoogleSignIn-iOS" */ = {
			isa = XCRemoteSwiftPackageReference;
			repositoryURL = "https://github.com/google/GoogleSignIn-iOS";
			requirement = {
				kind = upToNextMajorVersion;
				minimumVersion = 9.2.0;
			};
		};
		772FBCF52FF3981E00336CF6 /* XCRemoteSwiftPackageReference "Alamofire" */ = {
			isa = XCRemoteSwiftPackageReference;
			repositoryURL = "https://github.com/Alamofire/Alamofire";
			requirement = {
				kind = upToNextMajorVersion;
				minimumVersion = 5.12.0;
			};
		};
		778F3DF52FDAA3000AFF730 /* XCRemoteSwiftPackageReference "swift-composable-architecture" */ = {
			isa = XCRemoteSwiftPackageReference;
			repositoryURL = "https://github.com/pointfreeco/swift-composable-architecture";
			requirement = {
				kind = upToNextMajorVersion;
				minimumVersion = 1.26.0;
			};
		};
		951921A33049CCB300666ACA /* XCRemoteSwiftPackageReference "firebase-ios-sdk" */ = {
			isa = XCRemoteSwiftPackageReference;
			repositoryURL = "https://github.com/firebase/firebase-ios-sdk";
			requirement = {
				kind = upToNextMajorVersion;
				minimumVersion = 12.18.0;
			};
		};
		9570E47D2FE45C37002FA6DE /* XCRemoteSwiftPackageReference "SPM-NMapsMap" */ = {
			isa = XCRemoteSwiftPackageReference;
			repositoryURL = "https://github.com/navermaps/SPM-NMapsMap";
			requirement = {
				kind = upToNextMajorVersion;
				minimumVersion = 3.23.2;
			};
		};
		D4A1B2C32FF4A10000AA0002 /* XCRemoteSwiftPackageReference "Kingfisher" */ = {
			isa = XCRemoteSwiftPackageReference;
			repositoryURL = "https://github.com/onevcat/Kingfisher.git";
			requirement = {
				kind = upToNextMajorVersion;
				minimumVersion = 8.0.0;
			};
		};
		E6B4C0013011000000000002 /* XCRemoteSwiftPackageReference "SwiftStomp" */ = {
			isa = XCRemoteSwiftPackageReference;
			repositoryURL = "https://github.com/Romixery/SwiftStomp.git";
			requirement = {
				kind = exactVersion;
				version = 1.2.1;
			};
		};
/* End XCRemoteSwiftPackageReference section */

/* Begin XCSwiftPackageProductDependency section */
		772FBCF72FF3A3F200336CF6 /* Alamofire */ = {
			isa = XCSwiftPackageProductDependency;
			package = 772FBCF52FF3981E00336CF6 /* XCRemoteSwiftPackageReference "Alamofire" */;
			productName = Alamofire;
		};
		772FBCF92FF3A40100336CF6 /* GoogleSignIn */ = {
			isa = XCSwiftPackageProductDependency;
			package = 772FBCF42FF38F2F00336CF6 /* XCRemoteSwiftPackageReference "GoogleSignIn-iOS" */;
			productName = GoogleSignIn;
		};
		778F3DF42FDAA3000AFF730 /* ComposableArchitecture */ = {
			isa = XCSwiftPackageProductDependency;
			package = 778F3DF52FDAA3000AFF730 /* XCRemoteSwiftPackageReference "swift-composable-architecture" */;
			productName = ComposableArchitecture;
		};
		951921A43049CCB300666ACA /* FirebaseMessaging */ = {
			isa = XCSwiftPackageProductDependency;
			package = 951921A33049CCB300666ACA /* XCRemoteSwiftPackageReference "firebase-ios-sdk" */;
			productName = FirebaseMessaging;
		};
		9570E47E2FE45C37002FA6DE /* NMapsMap */ = {
			isa = XCSwiftPackageProductDependency;
			package = 9570E47D2FE45C37002FA6DE /* XCRemoteSwiftPackageReference "SPM-NMapsMap" */;
			productName = NMapsMap;
		};
		D4A1B2C32FF4A10000AA0003 /* Kingfisher */ = {
			isa = XCSwiftPackageProductDependency;
			package = D4A1B2C32FF4A10000AA0002 /* XCRemoteSwiftPackageReference "Kingfisher" */;
			productName = Kingfisher;
		};
		E6B4C0013011000000000003 /* SwiftStomp */ = {
			isa = XCSwiftPackageProductDependency;
			package = E6B4C0013011000000000002 /* XCRemoteSwiftPackageReference "SwiftStomp" */;
			productName = SwiftStomp;
		};
/* End XCSwiftPackageProductDependency section */
	};
	rootObject = 9570C2922FD9DA9D002FA6DE /* Project object */;
}
